
Microsoft Visual Studio Solution File, Format Version 12.00
# Visual Studio Version 16
VisualStudioVersion = 16.0.31424.327
MinimumVisualStudioVersion = 10.0.40219.1
Project("{FAE04EC0-301F-11D3-BF4B-00C04F79EFBC}") = "WebApi", "WebApi\WebApi.csproj", "{80D1DE8B-FDCD-4CB8-A34A-C0702A6212EF}"
EndProject
Global
	GlobalSection(SolutionConfigurationPlatforms) = preSolution
		Debug|Any CPU = Debug|Any CPU
		Release|Any CPU = Release|Any CPU
	EndGlobalSection
	GlobalSection(ProjectConfigurationPlatforms) = postSolution
		{80D1DE8B-FDCD-4CB8-A34A-C0702A6212EF}.Debug|Any CPU.ActiveCfg = Debug|Any CPU
		{80D1DE8B-FDCD-4CB8-A34A-C0702A6212EF}.Debug|Any CPU.Build.0 = Debug|Any CPU
		{80D1DE8B-FDCD-4CB8-A34A-C0702A6212EF}.Release|Any CPU.ActiveCfg = Release|Any CPU
		{80D1DE8B-FDCD-4CB8-A34A-C0702A6212EF}.Release|Any CPU.Build.0 = Release|Any CPU
	EndGlobalSection
	GlobalSection(SolutionProperties) = preSolution
		HideSolutionNode = FALSE
	EndGlobalSection
	GlobalSection(ExtensibilityGlobals) = postSolution
		SolutionGuid = {49622534-DFDC-4417-BDB3-8D55BF98C62B}
	EndGlobalSection
EndGlobal
